# This file is automatically @generated by Cargo.
# It is not intended for manual editing.
version = 4

[[package]]
name = "rsgdll"
version = "0.1.0"
dependencies = [
 "rsgdll-lua",
 "rsgdll-macros",
 "rsgdll-module",
 "rsgdll-runtime",
]

[[package]]
name = "rsgdll-abi"
version = "0.1.0"

[[package]]
name = "rsgdll-lua"
version = "0.1.0"
dependencies = [
 "rsgdll-platform",
]

[[package]]
name = "rsgdll-macros"
version = "0.1.0"

[[package]]
name = "rsgdll-module"
version = "0.1.0"
dependencies = [
 "rsgdll-platform",
]

[[package]]
name = "rsgdll-platform"
version = "0.1.0"
dependencies = [
 "rsgdll-abi",
]

[[package]]
name = "rsgdll-runtime"
version = "0.1.0"
dependencies = [
 "rsgdll-platform",
]
